
Microsoft Visual Studio Solution File, Format Version 12.00
# Visual Studio 15
Project("{FAE04EC0-301F-11D3-BF4B-00C04F79EFBC}") = "SalesWebMVC", "SalesWebMVC\SalesWebMVC.csproj", "{AB585512-BA03-4513-819F-67084C89BAF5}"
EndProject
Global
	GlobalSection(SolutionConfigurationPlatforms) = preSolution
		Debug|Any CPU = Debug|Any CPU
		Release|Any CPU = Release|Any CPU
	EndGlobalSection
	GlobalSection(ProjectConfigurationPlatforms) = postSolution
		{AB585512-BA03-4513-819F-67084C89BAF5}.Debug|Any CPU.ActiveCfg = Debug|Any CPU
		{AB585512-BA03-4513-819F-67084C89BAF5}.Debug|Any CPU.Build.0 = Debug|Any CPU
		{AB585512-BA03-4513-819F-67084C89BAF5}.Release|Any CPU.ActiveCfg = Release|Any CPU
		{AB585512-BA03-4513-819F-67084C89BAF5}.Release|Any CPU.Build.0 = Release|Any CPU
	EndGlobalSection
EndGlobal
